// !$*UTF8*$!
{
	archiveVersion = 1;
	classes = {
	};
	objectVersion = 50;
	objects = {

/* Begin PBXBuildFile section */
		517B804C2698760E00E5533D /* AppDelegate.swift in Sources */ = {isa = PBXBuildFile; fileRef = 517B804B2698760E00E5533D /* AppDelegate.swift */; };
		517B804E2698760E00E5533D /* SceneDelegate.swift in Sources */ = {isa = PBXBuildFile; fileRef = 517B804D2698760E00E5533D /* SceneDelegate.swift */; };
		517B80502698760E00E5533D /* ViewController.swift in Sources */ = {isa = PBXBuildFile; fileRef = 517B804F2698760E00E5533D /* ViewController.swift */; };
		517B80532698760E00E5533D /* Main.storyboard in Resources */ = {isa = PBXBuildFile; fileRef = 517B80512698760E00E5533D /* Main.storyboard */; };
		517B80552698760F00E5533D /* Assets.xcassets in Resources */ = {isa = PBXBuildFile; fileRef = 517B80542698760F00E5533D /* Assets.xcassets */; };
		517B80582698760F00E5533D /* LaunchScreen.storyboard in Resources */ = {isa = PBXBuildFile; fileRef = 517B80562698760F00E5533D /* LaunchScreen.storyboard */; };
		5C6D036344AAF14E29370675 /* Pods_mamoTest.framework in Frameworks */ = {isa = PBXBuildFile; fileRef = 3557DAF154B850CC0EC1D553 /* Pods_mamoTest.framework */; };
/* End PBXBuildFile section */

/* Begin PBXFileReference section */
		2FEE372FC8B63B43C029A6B8 /* Pods-mamoTest.release.xcconfig */ = {isa = PBXFileReference; includeInIndex = 1; lastKnownFileType = text.xcconfig; name = "Pods-mamoTest.release.xcconfig"; path = "Target Support Files/Pods-mamoTest/Pods-mamoTest.release.xcconfig"; sourceTree = "<group>"; };
		3557DAF154B850CC0EC1D553 /* Pods_mamoTest.framework */ = {isa = PBXFileReference; explicitFileType = wrapper.framework; includeInIndex = 0; path = Pods_mamoTest.framework; sourceTree = BUILT_PRODUCTS_DIR; };
		47288589B691C2D263A9E730 /* Pods-mamoTest.debug.xcconfig */ = {isa = PBXFileReference; includeInIndex = 1; lastKnownFileType = text.xcconfig; name = "Pods-mamoTest.debug.xcconfig"; path = "Target Support Files/Pods-mamoTest/Pods-mamoTest.debug.xcconfig"; sourceTree = "<group>"; };
		517B80482698760E00E5533D /* mamoTest.app */ = {isa = PBXFileReference; explicitFileType = wrapper.application; includeInIndex = 0; path = mamoTest.app; sourceTree = BUILT_PRODUCTS_DIR; };
		517B804B2698760E00E5533D /* AppDelegate.swift */ = {isa = PBXFileReference; lastKnownFileType = sourcecode.swift; path = AppDelegate.swift; sourceTree = "<group>"; };
		517B804D2698760E00E5533D /* SceneDelegate.swift */ = {isa = PBXFileReference; lastKnownFileType = sourcecode.swift; path = SceneDelegate.swift; sourceTree = "<group>"; };
		517B804F2698760E00E5533D /* ViewController.swift */ = {isa = PBXFileReference; lastKnownFileType = sourcecode.swift; path = ViewController.swift; sourceTree = "<group>"; };
		517B80522698760E00E5533D /* Base */ = {isa = PBXFileReference; lastKnownFileType = file.storyboard; name = Base; path = Base.lproj/Main.storyboard; sourceTree = "<group>"; };
		517B80542698760F00E5533D /* Assets.xcassets */ = {isa = PBXFileReference; lastKnownFileType = folder.assetcatalog; path = Assets.xcassets; sourceTree = "<group>"; };
		517B80572698760F00E5533D /* Base */ = {isa = PBXFileReference; lastKnownFileType = file.storyboard; name = Base; path = Base.lproj/LaunchScreen.storyboard; sourceTree = "<group>"; };
		517B80592698760F00E5533D /* Info.plist */ = {isa = PBXFileReference; lastKnownFileType = text.plist.xml; path = Info.plist; sourceTree = "<group>"; };
/* End PBXFileReference section */

/* Begin PBXFrameworksBuildPhase section */
		517B80452698760E00E5533D /* Frameworks */ = {
			isa = PBXFrameworksBuildPhase;
			buildActionMask = 2147483647;
			files = (
				5C6D036344AAF14E29370675 /* Pods_mamoTest.framework in Frameworks */,
			);
			runOnlyForDeploymentPostprocessing = 0;
		};
/* End PBXFrameworksBuildPhase section */

/* Begin PBXGroup section */
		517B803F2698760E00E5533D = {
			isa = PBXGroup;
			children = (
				517B804A2698760E00E5533D /* mamoTest */,
				517B80492698760E00E5533D /* Products */,
				D945C776A9D17524338552FC /* Pods */,
				8EE3A2627B0158CC5D7A3075 /* Frameworks */,
			);
			sourceTree = "<group>";
		};
		517B80492698760E00E5533D /* Products */ = {
			isa = PBXGroup;
			children = (
				517B80482698760E00E5533D /* mamoTest.app */,
			);
			name = Products;
			sourceTree = "<group>";
		};
		517B804A2698760E00E5533D /* mamoTest */ = {
			isa = PBXGroup;
			children = (
				517B804B2698760E00E5533D /* AppDelegate.swift */,
				517B804D2698760E00E5533D /* SceneDelegate.swift */,
				517B804F2698760E00E5533D /* ViewController.swift */,
				517B80512698760E00E5533D /* Main.storyboard */,
				517B80542698760F00E5533D /* Assets.xcassets */,
				517B80562698760F00E5533D /* LaunchScreen.storyboard */,
				517B80592698760F00E5533D /* Info.plist */,
			);
			path = mamoTest;
			sourceTree = "<group>";
		};
		8EE3A2627B0158CC5D7A3075 /* Frameworks */ = {
			isa = PBXGroup;
			children = (
				3557DAF154B850CC0EC1D553 /* Pods_mamoTest.framework */,
			);
			name = Frameworks;
			sourceTree = "<group>";
		};
		D945C776A9D17524338552FC /* Pods */ = {
			isa = PBXGroup;
			children = (
				47288589B691C2D263A9E730 /* Pods-mamoTest.debug.xcconfig */,
				2FEE372FC8B63B43C029A6B8 /* Pods-mamoTest.release.xcconfig */,
			);
			name = Pods;
			path = Pods;
			sourceTree = "<group>";
		};
/* End PBXGroup section */

/* Begin PBXNativeTarget section */
		517B80472698760E00E5533D /* mamoTest */ = {
			isa = PBXNativeTarget;
			buildConfigurationList = 517B805C2698760F00E5533D /* Build configuration list for PBXNativeTarget "mamoTest" */;
			buildPhases = (
				2095A112A7DF31879C75A9E0 /* [CP] Check Pods Manifest.lock */,
				517B80442698760E00E5533D /* Sources */,
				517B80452698760E00E5533D /* Frameworks */,
				517B80462698760E00E5533D /* Resources */,
				44AA5B273C8E468E3B31A46C /* [CP] Embed Pods Frameworks */,
			);
			buildRules = (
			);
			dependencies = (
			);
			name = mamoTest;
			productName = mamoTest;
			productReference = 517B80482698760E00E5533D /* mamoTest.app */;
			productType = "com.apple.product-type.application";
		};
/* End PBXNativeTarget section */

/* Begin PBXProject section */
		517B80402698760E00E5533D /* Project object */ = {
			isa = PBXProject;
			attributes = {
				LastSwiftUpdateCheck = 1250;
				LastUpgradeCheck = 1250;
				TargetAttributes = {
					517B80472698760E00E5533D = {
						CreatedOnToolsVersion = 12.5.1;
					};
				};
			};
			buildConfigurationList = 517B80432698760E00E5533D /* Build configuration list for PBXProject "mamoTest" */;
			compatibilityVersion = "Xcode 9.3";
			developmentRegion = en;
			hasScannedForEncodings = 0;
			knownRegions = (
				en,
				Base,
			);
			mainGroup = 517B803F2698760E00E5533D;
			productRefGroup = 517B80492698760E00E5533D /* Products */;
			projectDirPath = "";
			projectRoot = "";
			targets = (
				517B80472698760E00E5533D /* mamoTest */,
			);
		};
/* End PBXProject section */

/* Begin PBXResourcesBuildPhase section */
		517B80462698760E00E5533D /* Resources */ = {
			isa = PBXResourcesBuildPhase;
			buildActionMask = 2147483647;
			files = (
				517B80582698760F00E5533D /* LaunchScreen.storyboard in Resources */,
				517B80552698760F00E5533D /* Assets.xcassets in Resources */,
				517B80532698760E00E5533D /* Main.storyboard in Resources */,
			);
			runOnlyForDeploymentPostprocessing = 0;
		};
/* End PBXResourcesBuildPhase section */

/* Begin PBXShellScriptBuildPhase section */
		2095A112A7DF31879C75A9E0 /* [CP] Check Pods Manifest.lock */ = {
			isa = PBXShellScriptBuildPhase;
			buildActionMask = 2147483647;
			files = (
			);
			inputFileListPaths = (
			);
			inputPaths = (
				"${PODS_PODFILE_DIR_PATH}/Podfile.lock",
				"${PODS_ROOT}/Manifest.lock",
			);
			name = "[CP] Check Pods Manifest.lock";
			outputFileListPaths = (
			);
			outputPaths = (
				"$(DERIVED_FILE_DIR)/Pods-mamoTest-checkManifestLockResult.txt",
			);
			runOnlyForDeploymentPostprocessing = 0;
			shellPath = /bin/sh;
			shellScript = "diff \"${PODS_PODFILE_DIR_PATH}/Podfile.lock\" \"${PODS_ROOT}/Manifest.lock\" > /dev/null\nif [ $? != 0 ] ; then\n    # print error to STDERR\n    echo \"error: The sandbox is not in sync with the Podfile.lock. Run 'pod install' or update your CocoaPods installation.\" >&2\n    exit 1\nfi\n# This output is used by Xcode 'outputs' to avoid re-running this script phase.\necho \"SUCCESS\" > \"${SCRIPT_OUTPUT_FILE_0}\"\n";
			showEnvVarsInLog = 0;
		};
		44AA5B273C8E468E3B31A46C /* [CP] Embed Pods Frameworks */ = {
			isa = PBXShellScriptBuildPhase;
			buildActionMask = 2147483647;
			files = (
			);
			inputFileListPaths = (
				"${PODS_ROOT}/Target Support Files/Pods-mamoTest/Pods-mamoTest-frameworks-${CONFIGURATION}-input-files.xcfilelist",
			);
			name = "[CP] Embed Pods Frameworks";
			outputFileListPaths = (
				"${PODS_ROOT}/Target Support Files/Pods-mamoTest/Pods-mamoTest-frameworks-${CONFIGURATION}-output-files.xcfilelist",
			);
			runOnlyForDeploymentPostprocessing = 0;
			shellPath = /bin/sh;
			shellScript = "\"${PODS_ROOT}/Target Support Files/Pods-mamoTest/Pods-mamoTest-frameworks.sh\"\n";
			showEnvVarsInLog = 0;
		};
/* End PBXShellScriptBuildPhase section */

/* Begin PBXSourcesBuildPhase section */
		517B80442698760E00E5533D /* Sources */ = {
			isa = PBXSourcesBuildPhase;
			buildActionMask = 2147483647;
			files = (
				517B80502698760E00E5533D /* ViewController.swift in Sources */,
				517B804C2698760E00E5533D /* AppDelegate.swift in Sources */,
				517B804E2698760E00E5533D /* SceneDelegate.swift in Sources */,
			);
			runOnlyForDeploymentPostprocessing = 0;
		};
/* End PBXSourcesBuildPhase section */

/* Begin PBXVariantGroup section */
		517B80512698760E00E5533D /* Main.storyboard */ = {
			isa = PBXVariantGroup;
			children = (
				517B80522698760E00E5533D /* Base */,
			);
			name = Main.storyboard;
			sourceTree = "<group>";
		};
		517B80562698760F00E5533D /* LaunchScreen.storyboard */ = {
			isa = PBXVariantGroup;
			children = (
				517B80572698760F00E5533D /* Base */,
			);
			name = LaunchScreen.storyboard;
			sourceTree = "<group>";
		};
/* End PBXVariantGroup section */

/* Begin XCBuildConfiguration section */
		517B805A2698760F00E5533D /* Debug */ = {
			isa = XCBuildConfiguration;
			buildSettings = {
				ALWAYS_SEARCH_USER_PATHS = NO;
				CLANG_ANALYZER_NONNULL = YES;
				CLANG_ANALYZER_NUMBER_OBJECT_CONVERSION = YES_AGGRESSIVE;
				CLANG_CXX_LANGUAGE_STANDARD = "gnu++14";
				CLANG_CXX_LIBRARY = "libc++";
				CLANG_ENABLE_MODULES = YES;
				CLANG_ENABLE_OBJC_ARC = YES;
				CLANG_ENABLE_OBJC_WEAK = YES;
				CLANG_WARN_BLOCK_CAPTURE_AUTORELEASING = YES;
				CLANG_WARN_BOOL_CONVERSION = YES;
				CLANG_WARN_COMMA = YES;
				CLANG_WARN_CONSTANT_CONVERSION = YES;
				CLANG_WARN_DEPRECATED_OBJC_IMPLEMENTATIONS = YES;
				CLANG_WARN_DIRECT_OBJC_ISA_USAGE = YES_ERROR;
				CLANG_WARN_DOCUMENTATION_COMMENTS = YES;
				CLANG_WARN_EMPTY_BODY = YES;
				CLANG_WARN_ENUM_CONVERSION = YES;
				CLANG_WARN_INFINITE_RECURSION = YES;
				CLANG_WARN_INT_CONVERSION = YES;
				CLANG_WARN_NON_LITERAL_NULL_CONVERSION = YES;
				CLANG_WARN_OBJC_IMPLICIT_RETAIN_SELF = YES;
				CLANG_WARN_OBJC_LITERAL_CONVERSION = YES;
				CLANG_WARN_OBJC_ROOT_CLASS = YES_ERROR;
				CLANG_WARN_QUOTED_INCLUDE_IN_FRAMEWORK_HEADER = YES;
				CLANG_WARN_RANGE_LOOP_ANALYSIS = YES;
				CLANG_WARN_STRICT_PROTOTYPES = YES;
				CLANG_WARN_SUSPICIOUS_MOVE = YES;
				CLANG_WARN_UNGUARDED_AVAILABILITY = YES_AGGRESSIVE;
				CLANG_WARN_UNREACHABLE_CODE = YES;
				CLANG_WARN__DUPLICATE_METHOD_MATCH = YES;
				COPY_PHASE_STRIP = NO;
				DEBUG_INFORMATION_FORMAT = dwarf;
				ENABLE_STRICT_OBJC_MSGSEND = YES;
				ENABLE_TESTABILITY = YES;
				GCC_C_LANGUAGE_STANDARD = gnu11;
				GCC_DYNAMIC_NO_PIC = NO;
				GCC_NO_COMMON_BLOCKS = YES;
				GCC_OPTIMIZATION_LEVEL = 0;
				GCC_PREPROCESSOR_DEFINITIONS = (
					"DEBUG=1",
					"$(inherited)",
				);
				GCC_WARN_64_TO_32_BIT_CONVERSION = YES;
				GCC_WARN_ABOUT_RETURN_TYPE = YES_ERROR;
				GCC_WARN_UNDECLARED_SELECTOR = YES;
				GCC_WARN_UNINITIALIZED_AUTOS = YES_AGGRESSIVE;
				GCC_WARN_UNUSED_FUNCTION = YES;
				GCC_WARN_UNUSED_VARIABLE = YES;
				IPHONEOS_DEPLOYMENT_TARGET = 14.5;
				MTL_ENABLE_DEBUG_INFO = INCLUDE_SOURCE;
				MTL_FAST_MATH = YES;
				ONLY_ACTIVE_ARCH = YES;
				SDKROOT = iphoneos;
				SWIFT_ACTIVE_COMPILATION_CONDITIONS = DEBUG;
				SWIFT_OPTIMIZATION_LEVEL = "-Onone";
			};
			name = Debug;
		};
		517B805B2698760F00E5533D /* Release */ = {
			isa = XCBuildConfiguration;
			buildSettings = {
				ALWAYS_SEARCH_USER_PATHS = NO;
				CLANG_ANALYZER_NONNULL = YES;
				CLANG_ANALYZER_NUMBER_OBJECT_CONVERSION = YES_AGGRESSIVE;
				CLANG_CXX_LANGUAGE_STANDARD = "gnu++14";
				CLANG_CXX_LIBRARY = "libc++";
				CLANG_ENABLE_MODULES = YES;
				CLANG_ENABLE_OBJC_ARC = YES;
				CLANG_ENABLE_OBJC_WEAK = YES;
				CLANG_WARN_BLOCK_CAPTURE_AUTORELEASING = YES;
				CLANG_WARN_BOOL_CONVERSION = YES;
				CLANG_WARN_COMMA = YES;
				CLANG_WARN_CONSTANT_CONVERSION = YES;
				CLANG_WARN_DEPRECATED_OBJC_IMPLEMENTATIONS = YES;
				CLANG_WARN_DIRECT_OBJC_ISA_USAGE = YES_ERROR;
				CLANG_WARN_DOCUMENTATION_COMMENTS = YES;
				CLANG_WARN_EMPTY_BODY = YES;
				CLANG_WARN_ENUM_CONVERSION = YES;
				CLANG_WARN_INFINITE_RECURSION = YES;
				CLANG_WARN_INT_CONVERSION = YES;
				CLANG_WARN_NON_LITERAL_NULL_CONVERSION = YES;
				CLANG_WARN_OBJC_IMPLICIT_RETAIN_SELF = YES;
				CLANG_WARN_OBJC_LITERAL_CONVERSION = YES;
				CLANG_WARN_OBJC_ROOT_CLASS = YES_ERROR;
				CLANG_WARN_QUOTED_INCLUDE_IN_FRAMEWORK_HEADER = YES;
				CLANG_WARN_RANGE_LOOP_ANALYSIS = YES;
				CLANG_WARN_STRICT_PROTOTYPES = YES;
				CLANG_WARN_SUSPICIOUS_MOVE = YES;
				CLANG_WARN_UNGUARDED_AVAILABILITY = YES_AGGRESSIVE;
				CLANG_WARN_UNREACHABLE_CODE = YES;
				CLANG_WARN__DUPLICATE_METHOD_MATCH = YES;
				COPY_PHASE_STRIP = NO;
				DEBUG_INFORMATION_FORMAT = "dwarf-with-dsym";
				ENABLE_NS_ASSERTIONS = NO;
				ENABLE_STRICT_OBJC_MSGSEND = YES;
				GCC_C_LANGUAGE_STANDARD = gnu11;
				GCC_NO_COMMON_BLOCKS = YES;
				GCC_WARN_64_TO_32_BIT_CONVERSION = YES;
				GCC_WARN_ABOUT_RETURN_TYPE = YES_ERROR;
				GCC_WARN_UNDECLARED_SELECTOR = YES;
				GCC_WARN_UNINITIALIZED_AUTOS = YES_AGGRESSIVE;
				GCC_WARN_UNUSED_FUNCTION = YES;
				GCC_WARN_UNUSED_VARIABLE = YES;
				IPHONEOS_DEPLOYMENT_TARGET = 14.5;
				MTL_ENABLE_DEBUG_INFO = NO;
				MTL_FAST_MATH = YES;
				SDKROOT = iphoneos;
				SWIFT_COMPILATION_MODE = wholemodule;
				SWIFT_OPTIMIZATION_LEVEL = "-O";
				VALIDATE_PRODUCT = YES;
			};
			name = Release;
		};
		517B805D2698760F00E5533D /* Debug */ = {
			isa = XCBuildConfiguration;
			baseConfigurationReference = 47288589B691C2D263A9E730 /* Pods-mamoTest.debug.xcconfig */;
			buildSettings = {
				ASSETCATALOG_COMPILER_APPICON_NAME = AppIcon;
				ASSETCATALOG_COMPILER_GLOBAL_ACCENT_COLOR_NAME = AccentColor;
				CODE_SIGN_STYLE = Automatic;
				DEVELOPMENT_TEAM = XP85F64TCF;
				INFOPLIST_FILE = mamoTest/Info.plist;
				LD_RUNPATH_SEARCH_PATHS = (
					"$(inherited)",
					"@executable_path/Frameworks",
				);
				PRODUCT_BUNDLE_IDENTIFIER = com.seleccto.mamoTest;
				PRODUCT_NAME = "$(TARGET_NAME)";
				SWIFT_VERSION = 5.0;
				TARGETED_DEVICE_FAMILY = "1,2";
			};
			name = Debug;
		};
		517B805E2698760F00E5533D /* Release */ = {
			isa = XCBuildConfiguration;
			baseConfigurationReference = 2FEE372FC8B63B43C029A6B8 /* Pods-mamoTest.release.xcconfig */;
			buildSettings = {
				ASSETCATALOG_COMPILER_APPICON_NAME = AppIcon;
				ASSETCATALOG_COMPILER_GLOBAL_ACCENT_COLOR_NAME = AccentColor;
				CODE_SIGN_STYLE = Automatic;
				DEVELOPMENT_TEAM = XP85F64TCF;
				INFOPLIST_FILE = mamoTest/Info.plist;
				LD_RUNPATH_SEARCH_PATHS = (
					"$(inherited)",
					"@executable_path/Frameworks",
				);
				PRODUCT_BUNDLE_IDENTIFIER = com.seleccto.mamoTest;
				PRODUCT_NAME = "$(TARGET_NAME)";
				SWIFT_VERSION = 5.0;
				TARGETED_DEVICE_FAMILY = "1,2";
			};
			name = Release;
		};
/* End XCBuildConfiguration section */

/* Begin XCConfigurationList section */
		517B80432698760E00E5533D /* Build configuration list for PBXProject "mamoTest" */ = {
			isa = XCConfigurationList;
			buildConfigurations = (
				517B805A2698760F00E5533D /* Debug */,
				517B805B2698760F00E5533D /* Release */,
			);
			defaultConfigurationIsVisible = 0;
			defaultConfigurationName = Release;
		};
		517B805C2698760F00E5533D /* Build configuration list for PBXNativeTarget "mamoTest" */ = {
			isa = XCConfigurationList;
			buildConfigurations = (
				517B805D2698760F00E5533D /* Debug */,
				517B805E2698760F00E5533D /* Release */,
			);
			defaultConfigurationIsVisible = 0;
			defaultConfigurationName = Release;
		};
/* End XCConfigurationList section */
	};
	rootObject = 517B80402698760E00E5533D /* Project object */;
}
